
Microsoft Visual Studio Solution File, Format Version 12.00
# Visual Studio Version 17
VisualStudioVersion = 17.12.35707.178
MinimumVisualStudioVersion = 10.0.40219.1
Project("{FAE04EC0-301F-11D3-BF4B-00C04F79EFBC}") = "EFDatabase", "EFDatabase\EFDatabase.csproj", "{4020B2F4-9348-42BA-8D0A-DA4C4DCD571C}"
EndProject
Project("{FAE04EC0-301F-11D3-BF4B-00C04F79EFBC}") = "WebAppGNAggregator", "WebAppGNAggregator\WebAppGNAggregator.csproj", "{7063CC4D-A964-4E84-8370-DE44EBBCF705}"
	ProjectSection(ProjectDependencies) = postProject
		{4BB9F0A0-32A9-46C5-A10D-6FD854ACF413} = {4BB9F0A0-32A9-46C5-A10D-6FD854ACF413}
		{E9326A9A-30FC-49EE-8594-9CC141ADDED0} = {E9326A9A-30FC-49EE-8594-9CC141ADDED0}
	EndProjectSection
EndProject
Project("{FAE04EC0-301F-11D3-BF4B-00C04F79EFBC}") = "GNA.Services", "GNA.Services\GNA.Services.csproj", "{7FBFCF42-143C-4108-8E71-8E2448638FF3}"
EndProject
Project("{FAE04EC0-301F-11D3-BF4B-00C04F79EFBC}") = "DAL(CQS)", "DAL(CQS)\DAL(CQS).csproj", "{E9326A9A-30FC-49EE-8594-9CC141ADDED0}"
EndProject
Project("{FAE04EC0-301F-11D3-BF4B-00C04F79EFBC}") = "DataConvert", "Models\DataConvert.csproj", "{4BB9F0A0-32A9-46C5-A10D-6FD854ACF413}"
EndProject
Project("{FAE04EC0-301F-11D3-BF4B-00C04F79EFBC}") = "GNA.Services.Tests", "GNA.Services.Tests\GNA.Services.Tests.csproj", "{55E8DEC4-E0FD-4821-9A4C-5BED892377FE}"
	ProjectSection(ProjectDependencies) = postProject
		{F36D1076-BCFB-4C0D-9C3D-BA39015AF5F2} = {F36D1076-BCFB-4C0D-9C3D-BA39015AF5F2}
	EndProjectSection
EndProject
Project("{FAE04EC0-301F-11D3-BF4B-00C04F79EFBC}") = "Mappers", "Mappers\Mappers.csproj", "{F36D1076-BCFB-4C0D-9C3D-BA39015AF5F2}"
EndProject
Global
	GlobalSection(SolutionConfigurationPlatforms) = preSolution
		Debug|Any CPU = Debug|Any CPU
		Release|Any CPU = Release|Any CPU
	EndGlobalSection
	GlobalSection(ProjectConfigurationPlatforms) = postSolution
		{4020B2F4-9348-42BA-8D0A-DA4C4DCD571C}.Debug|Any CPU.ActiveCfg = Debug|Any CPU
		{4020B2F4-9348-42BA-8D0A-DA4C4DCD571C}.Debug|Any CPU.Build.0 = Debug|Any CPU
		{4020B2F4-9348-42BA-8D0A-DA4C4DCD571C}.Release|Any CPU.ActiveCfg = Release|Any CPU
		{4020B2F4-9348-42BA-8D0A-DA4C4DCD571C}.Release|Any CPU.Build.0 = Release|Any CPU
		{7063CC4D-A964-4E84-8370-DE44EBBCF705}.Debug|Any CPU.ActiveCfg = Debug|Any CPU
		{7063CC4D-A964-4E84-8370-DE44EBBCF705}.Debug|Any CPU.Build.0 = Debug|Any CPU
		{7063CC4D-A964-4E84-8370-DE44EBBCF705}.Release|Any CPU.ActiveCfg = Release|Any CPU
		{7063CC4D-A964-4E84-8370-DE44EBBCF705}.Release|Any CPU.Build.0 = Release|Any CPU
		{7FBFCF42-143C-4108-8E71-8E2448638FF3}.Debug|Any CPU.ActiveCfg = Debug|Any CPU
		{7FBFCF42-143C-4108-8E71-8E2448638FF3}.Debug|Any CPU.Build.0 = Debug|Any CPU
		{7FBFCF42-143C-4108-8E71-8E2448638FF3}.Release|Any CPU.ActiveCfg = Release|Any CPU
		{7FBFCF42-143C-4108-8E71-8E2448638FF3}.Release|Any CPU.Build.0 = Release|Any CPU
		{E9326A9A-30FC-49EE-8594-9CC141ADDED0}.Debug|Any CPU.ActiveCfg = Debug|Any CPU
		{E9326A9A-30FC-49EE-8594-9CC141ADDED0}.Debug|Any CPU.Build.0 = Debug|Any CPU
		{E9326A9A-30FC-49EE-8594-9CC141ADDED0}.Release|Any CPU.ActiveCfg = Release|Any CPU
		{E9326A9A-30FC-49EE-8594-9CC141ADDED0}.Release|Any CPU.Build.0 = Release|Any CPU
		{4BB9F0A0-32A9-46C5-A10D-6FD854ACF413}.Debug|Any CPU.ActiveCfg = Debug|Any CPU
		{4BB9F0A0-32A9-46C5-A10D-6FD854ACF413}.Debug|Any CPU.Build.0 = Debug|Any CPU
		{4BB9F0A0-32A9-46C5-A10D-6FD854ACF413}.Release|Any CPU.ActiveCfg = Release|Any CPU
		{4BB9F0A0-32A9-46C5-A10D-6FD854ACF413}.Release|Any CPU.Build.0 = Release|Any CPU
		{55E8DEC4-E0FD-4821-9A4C-5BED892377FE}.Debug|Any CPU.ActiveCfg = Debug|Any CPU
		{55E8DEC4-E0FD-4821-9A4C-5BED892377FE}.Debug|Any CPU.Build.0 = Debug|Any CPU
		{55E8DEC4-E0FD-4821-9A4C-5BED892377FE}.Release|Any CPU.ActiveCfg = Release|Any CPU
		{55E8DEC4-E0FD-4821-9A4C-5BED892377FE}.Release|Any CPU.Build.0 = Release|Any CPU
		{F36D1076-BCFB-4C0D-9C3D-BA39015AF5F2}.Debug|Any CPU.ActiveCfg = Debug|Any CPU
		{F36D1076-BCFB-4C0D-9C3D-BA39015AF5F2}.Debug|Any CPU.Build.0 = Debug|Any CPU
		{F36D1076-BCFB-4C0D-9C3D-BA39015AF5F2}.Release|Any CPU.ActiveCfg = Release|Any CPU
		{F36D1076-BCFB-4C0D-9C3D-BA39015AF5F2}.Release|Any CPU.Build.0 = Release|Any CPU
	EndGlobalSection
	GlobalSection(SolutionProperties) = preSolution
		HideSolutionNode = FALSE
	EndGlobalSection
EndGlobal
